
Microsoft Visual Studio Solution File, Format Version 12.00
# Visual Studio Version 16
VisualStudioVersion = 16.0.31129.286
MinimumVisualStudioVersion = 10.0.40219.1
Project("{2150E333-8FDC-42A3-9474-1A3956D46DE8}") = "APP", "APP", "{FB92B6D6-33EB-40E3-A0BC-493DB746EEF4}"
EndProject
Project("{2150E333-8FDC-42A3-9474-1A3956D46DE8}") = "Core", "Core", "{C2C9B0E4-1D68-4B67-92C5-3B200801D2A6}"
EndProject
Project("{2150E333-8FDC-42A3-9474-1A3956D46DE8}") = "Infrastructure", "Infrastructure", "{CC6D6F47-CEF0-499D-AC0F-3EFCC17A8577}"
EndProject
Project("{FAE04EC0-301F-11D3-BF4B-00C04F79EFBC}") = "PantheonTest.Domain", "Core\PantheonTest.Domain\PantheonTest.Domain.csproj", "{DF3258AF-DC73-49E9-8240-FC257EFC3151}"
EndProject
Project("{FAE04EC0-301F-11D3-BF4B-00C04F79EFBC}") = "PantheonTest.Identity", "Infrastructure\PantheonTest.Identity\PantheonTest.Identity.csproj", "{7F56AD6A-80A4-446D-808A-DA4D8FAEEB63}"
EndProject
Project("{FAE04EC0-301F-11D3-BF4B-00C04F79EFBC}") = "PantheonTest.Persistence", "Infrastructure\PantheonTest.Persistence\PantheonTest.Persistence.csproj", "{B06A7E46-FC96-48C8-A895-2B1BB151C6A9}"
EndProject
Project("{FAE04EC0-301F-11D3-BF4B-00C04F79EFBC}") = "PantheonTest.Application", "Core\PantheonTest.Application\PantheonTest.Application.csproj", "{00E0DEFC-D38F-4115-966A-1DC8256CA32F}"
EndProject
Project("{FAE04EC0-301F-11D3-BF4B-00C04F79EFBC}") = "PantheonTest.App", "APP\PantheonTest.App\PantheonTest.App.csproj", "{EE52885E-D886-43EE-8692-FF22F42F38F9}"
EndProject
Project("{FAE04EC0-301F-11D3-BF4B-00C04F79EFBC}") = "PantheonTest.Infrastructure", "Infrastructure\PantheonTest.Infrastructure\PantheonTest.Infrastructure.csproj", "{3352FD23-E202-4382-8D74-ED459D51044A}"
EndProject
Project("{2150E333-8FDC-42A3-9474-1A3956D46DE8}") = "Tests", "Tests", "{E6A7EF66-8C96-4954-9338-31E337D60B3A}"
EndProject
Project("{FAE04EC0-301F-11D3-BF4B-00C04F79EFBC}") = "PantheonTest.ApplicationTests", "Tests\PantheonTest.ApplicationTests\PantheonTest.ApplicationTests.csproj", "{E4FA2CE6-0C84-48FC-A5C1-2660F5BB2B7C}"
EndProject
Global
	GlobalSection(SolutionConfigurationPlatforms) = preSolution
		Debug|Any CPU = Debug|Any CPU
		Release|Any CPU = Release|Any CPU
	EndGlobalSection
	GlobalSection(ProjectConfigurationPlatforms) = postSolution
		{DF3258AF-DC73-49E9-8240-FC257EFC3151}.Debug|Any CPU.ActiveCfg = Debug|Any CPU
		{DF3258AF-DC73-49E9-8240-FC257EFC3151}.Debug|Any CPU.Build.0 = Debug|Any CPU
		{DF3258AF-DC73-49E9-8240-FC257EFC3151}.Release|Any CPU.ActiveCfg = Release|Any CPU
		{DF3258AF-DC73-49E9-8240-FC257EFC3151}.Release|Any CPU.Build.0 = Release|Any CPU
		{7F56AD6A-80A4-446D-808A-DA4D8FAEEB63}.Debug|Any CPU.ActiveCfg = Debug|Any CPU
		{7F56AD6A-80A4-446D-808A-DA4D8FAEEB63}.Debug|Any CPU.Build.0 = Debug|Any CPU
		{7F56AD6A-80A4-446D-808A-DA4D8FAEEB63}.Release|Any CPU.ActiveCfg = Release|Any CPU
		{7F56AD6A-80A4-446D-808A-DA4D8FAEEB63}.Release|Any CPU.Build.0 = Release|Any CPU
		{B06A7E46-FC96-48C8-A895-2B1BB151C6A9}.Debug|Any CPU.ActiveCfg = Debug|Any CPU
		{B06A7E46-FC96-48C8-A895-2B1BB151C6A9}.Debug|Any CPU.Build.0 = Debug|Any CPU
		{B06A7E46-FC96-48C8-A895-2B1BB151C6A9}.Release|Any CPU.ActiveCfg = Release|Any CPU
		{B06A7E46-FC96-48C8-A895-2B1BB151C6A9}.Release|Any CPU.Build.0 = Release|Any CPU
		{00E0DEFC-D38F-4115-966A-1DC8256CA32F}.Debug|Any CPU.ActiveCfg = Debug|Any CPU
		{00E0DEFC-D38F-4115-966A-1DC8256CA32F}.Debug|Any CPU.Build.0 = Debug|Any CPU
		{00E0DEFC-D38F-4115-966A-1DC8256CA32F}.Release|Any CPU.ActiveCfg = Release|Any CPU
		{00E0DEFC-D38F-4115-966A-1DC8256CA32F}.Release|Any CPU.Build.0 = Release|Any CPU
		{EE52885E-D886-43EE-8692-FF22F42F38F9}.Debug|Any CPU.ActiveCfg = Debug|Any CPU
		{EE52885E-D886-43EE-8692-FF22F42F38F9}.Debug|Any CPU.Build.0 = Debug|Any CPU
		{EE52885E-D886-43EE-8692-FF22F42F38F9}.Release|Any CPU.ActiveCfg = Release|Any CPU
		{EE52885E-D886-43EE-8692-FF22F42F38F9}.Release|Any CPU.Build.0 = Release|Any CPU
		{3352FD23-E202-4382-8D74-ED459D51044A}.Debug|Any CPU.ActiveCfg = Debug|Any CPU
		{3352FD23-E202-4382-8D74-ED459D51044A}.Debug|Any CPU.Build.0 = Debug|Any CPU
		{3352FD23-E202-4382-8D74-ED459D51044A}.Release|Any CPU.ActiveCfg = Release|Any CPU
		{3352FD23-E202-4382-8D74-ED459D51044A}.Release|Any CPU.Build.0 = Release|Any CPU
		{E4FA2CE6-0C84-48FC-A5C1-2660F5BB2B7C}.Debug|Any CPU.ActiveCfg = Debug|Any CPU
		{E4FA2CE6-0C84-48FC-A5C1-2660F5BB2B7C}.Debug|Any CPU.Build.0 = Debug|Any CPU
		{E4FA2CE6-0C84-48FC-A5C1-2660F5BB2B7C}.Release|Any CPU.ActiveCfg = Release|Any CPU
		{E4FA2CE6-0C84-48FC-A5C1-2660F5BB2B7C}.Release|Any CPU.Build.0 = Release|Any CPU
	EndGlobalSection
	GlobalSection(SolutionProperties) = preSolution
		HideSolutionNode = FALSE
	EndGlobalSection
	GlobalSection(NestedProjects) = preSolution
		{DF3258AF-DC73-49E9-8240-FC257EFC3151} = {C2C9B0E4-1D68-4B67-92C5-3B200801D2A6}
		{7F56AD6A-80A4-446D-808A-DA4D8FAEEB63} = {CC6D6F47-CEF0-499D-AC0F-3EFCC17A8577}
		{B06A7E46-FC96-48C8-A895-2B1BB151C6A9} = {CC6D6F47-CEF0-499D-AC0F-3EFCC17A8577}
		{00E0DEFC-D38F-4115-966A-1DC8256CA32F} = {C2C9B0E4-1D68-4B67-92C5-3B200801D2A6}
		{EE52885E-D886-43EE-8692-FF22F42F38F9} = {FB92B6D6-33EB-40E3-A0BC-493DB746EEF4}
		{3352FD23-E202-4382-8D74-ED459D51044A} = {CC6D6F47-CEF0-499D-AC0F-3EFCC17A8577}
		{E4FA2CE6-0C84-48FC-A5C1-2660F5BB2B7C} = {E6A7EF66-8C96-4954-9338-31E337D60B3A}
	EndGlobalSection
	GlobalSection(ExtensibilityGlobals) = postSolution
		SolutionGuid = {557FB5ED-CB6F-4F01-AFEB-67629855B099}
	EndGlobalSection
EndGlobal
